// !$*UTF8*$!
{
	archiveVersion = 1;
	classes = {
	};
	objectVersion = 50;
	objects = {

/* Begin PBXBuildFile section */
		D2B58F7724CA35720067F697 /* AppDelegate.swift in Sources */ = {isa = PBXBuildFile; fileRef = D2B58F7624CA35720067F697 /* AppDelegate.swift */; };
		D2B58F7924CA35720067F697 /* SceneDelegate.swift in Sources */ = {isa = PBXBuildFile; fileRef = D2B58F7824CA35720067F697 /* SceneDelegate.swift */; };
		D2B58F7B24CA35720067F697 /* ContentView.swift in Sources */ = {isa = PBXBuildFile; fileRef = D2B58F7A24CA35720067F697 /* ContentView.swift */; };
		D2B58F7D24CA35750067F697 /* Assets.xcassets in Resources */ = {isa = PBXBuildFile; fileRef = D2B58F7C24CA35750067F697 /* Assets.xcassets */; };
		D2B58F8024CA35750067F697 /* Preview Assets.xcassets in Resources */ = {isa = PBXBuildFile; fileRef = D2B58F7F24CA35750067F697 /* Preview Assets.xcassets */; };
		D2B58F8324CA35750067F697 /* LaunchScreen.storyboard in Resources */ = {isa = PBXBuildFile; fileRef = D2B58F8124CA35750067F697 /* LaunchScreen.storyboard */; };
		D2B58F8E24CA35760067F697 /* NavigationTestTests.swift in Sources */ = {isa = PBXBuildFile; fileRef = D2B58F8D24CA35760067F697 /* NavigationTestTests.swift */; };
		D2B58F9924CA35760067F697 /* NavigationTestUITests.swift in Sources */ = {isa = PBXBuildFile; fileRef = D2B58F9824CA35760067F697 /* NavigationTestUITests.swift */; };
/* End PBXBuildFile section */

/* Begin PBXContainerItemProxy section */
		D2B58F8A24CA35760067F697 /* PBXContainerItemProxy */ = {
			isa = PBXContainerItemProxy;
			containerPortal = D2B58F6B24CA35720067F697 /* Project object */;
			proxyType = 1;
			remoteGlobalIDString = D2B58F7224CA35720067F697;
			remoteInfo = NavigationTest;
		};
		D2B58F9524CA35760067F697 /* PBXContainerItemProxy */ = {
			isa = PBXContainerItemProxy;
			containerPortal = D2B58F6B24CA35720067F697 /* Project object */;
			proxyType = 1;
			remoteGlobalIDString = D2B58F7224CA35720067F697;
			remoteInfo = NavigationTest;
		};
/* End PBXContainerItemProxy section */

/* Begin PBXFileReference section */
		D2B58F7324CA35720067F697 /* NavigationTest.app */ = {isa = PBXFileReference; explicitFileType = wrapper.application; includeInIndex = 0; path = NavigationTest.app; sourceTree = BUILT_PRODUCTS_DIR; };
		D2B58F7624CA35720067F697 /* AppDelegate.swift */ = {isa = PBXFileReference; lastKnownFileType = sourcecode.swift; path = AppDelegate.swift; sourceTree = "<group>"; };
		D2B58F7824CA35720067F697 /* SceneDelegate.swift */ = {isa = PBXFileReference; lastKnownFileType = sourcecode.swift; path = SceneDelegate.swift; sourceTree = "<group>"; };
		D2B58F7A24CA35720067F697 /* ContentView.swift */ = {isa = PBXFileReference; lastKnownFileType = sourcecode.swift; path = ContentView.swift; sourceTree = "<group>"; };
		D2B58F7C24CA35750067F697 /* Assets.xcassets */ = {isa = PBXFileReference; lastKnownFileType = folder.assetcatalog; path = Assets.xcassets; sourceTree = "<group>"; };
		D2B58F7F24CA35750067F697 /* Preview Assets.xcassets */ = {isa = PBXFileReference; lastKnownFileType = folder.assetcatalog; path = "Preview Assets.xcassets"; sourceTree = "<group>"; };
		D2B58F8224CA35750067F697 /* Base */ = {isa = PBXFileReference; lastKnownFileType = file.storyboard; name = Base; path = Base.lproj/LaunchScreen.storyboard; sourceTree = "<group>"; };
		D2B58F8424CA35750067F697 /* Info.plist */ = {isa = PBXFileReference; lastKnownFileType = text.plist.xml; path = Info.plist; sourceTree = "<group>"; };
		D2B58F8924CA35760067F697 /* NavigationTestTests.xctest */ = {isa = PBXFileReference; explicitFileType = wrapper.cfbundle; includeInIndex = 0; path = NavigationTestTests.xctest; sourceTree = BUILT_PRODUCTS_DIR; };
		D2B58F8D24CA35760067F697 /* NavigationTestTests.swift */ = {isa = PBXFileReference; lastKnownFileType = sourcecode.swift; path = NavigationTestTests.swift; sourceTree = "<group>"; };
		D2B58F8F24CA35760067F697 /* Info.plist */ = {isa = PBXFileReference; lastKnownFileType = text.plist.xml; path = Info.plist; sourceTree = "<group>"; };
		D2B58F9424CA35760067F697 /* NavigationTestUITests.xctest */ = {isa = PBXFileReference; explicitFileType = wrapper.cfbundle; includeInIndex = 0; path = NavigationTestUITests.xctest; sourceTree = BUILT_PRODUCTS_DIR; };
		D2B58F9824CA35760067F697 /* NavigationTestUITests.swift */ = {isa = PBXFileReference; lastKnownFileType = sourcecode.swift; path = NavigationTestUITests.swift; sourceTree = "<group>"; };
		D2B58F9A24CA35760067F697 /* Info.plist */ = {isa = PBXFileReference; lastKnownFileType = text.plist.xml; path = Info.plist; sourceTree = "<group>"; };
/* End PBXFileReference section */

/* Begin PBXFrameworksBuildPhase section */
		D2B58F7024CA35720067F697 /* Frameworks */ = {
			isa = PBXFrameworksBuildPhase;
			buildActionMask = 2147483647;
			files = (
			);
			runOnlyForDeploymentPostprocessing = 0;
		};
		D2B58F8624CA35760067F697 /* Frameworks */ = {
			isa = PBXFrameworksBuildPhase;
			buildActionMask = 2147483647;
			files = (
			);
			runOnlyForDeploymentPostprocessing = 0;
		};
		D2B58F9124CA35760067F697 /* Frameworks */ = {
			isa = PBXFrameworksBuildPhase;
			buildActionMask = 2147483647;
			files = (
			);
			runOnlyForDeploymentPostprocessing = 0;
		};
/* End PBXFrameworksBuildPhase section */

/* Begin PBXGroup section */
		D2B58F6A24CA35720067F697 = {
			isa = PBXGroup;
			children = (
				D2B58F7524CA35720067F697 /* NavigationTest */,
				D2B58F8C24CA35760067F697 /* NavigationTestTests */,
				D2B58F9724CA35760067F697 /* NavigationTestUITests */,
				D2B58F7424CA35720067F697 /* Products */,
			);
			sourceTree = "<group>";
		};
		D2B58F7424CA35720067F697 /* Products */ = {
			isa = PBXGroup;
			children = (
				D2B58F7324CA35720067F697 /* NavigationTest.app */,
				D2B58F8924CA35760067F697 /* NavigationTestTests.xctest */,
				D2B58F9424CA35760067F697 /* NavigationTestUITests.xctest */,
			);
			name = Products;
			sourceTree = "<group>";
		};
		D2B58F7524CA35720067F697 /* NavigationTest */ = {
			isa = PBXGroup;
			children = (
				D2B58F7624CA35720067F697 /* AppDelegate.swift */,
				D2B58F7824CA35720067F697 /* SceneDelegate.swift */,
				D2B58F7A24CA35720067F697 /* ContentView.swift */,
				D2B58F7C24CA35750067F697 /* Assets.xcassets */,
				D2B58F8124CA35750067F697 /* LaunchScreen.storyboard */,
				D2B58F8424CA35750067F697 /* Info.plist */,
				D2B58F7E24CA35750067F697 /* Preview Content */,
			);
			path = NavigationTest;
			sourceTree = "<group>";
		};
		D2B58F7E24CA35750067F697 /* Preview Content */ = {
			isa = PBXGroup;
			children = (
				D2B58F7F24CA35750067F697 /* Preview Assets.xcassets */,
			);
			path = "Preview Content";
			sourceTree = "<group>";
		};
		D2B58F8C24CA35760067F697 /* NavigationTestTests */ = {
			isa = PBXGroup;
			children = (
				D2B58F8D24CA35760067F697 /* NavigationTestTests.swift */,
				D2B58F8F24CA35760067F697 /* Info.plist */,
			);
			path = NavigationTestTests;
			sourceTree = "<group>";
		};
		D2B58F9724CA35760067F697 /* NavigationTestUITests */ = {
			isa = PBXGroup;
			children = (
				D2B58F9824CA35760067F697 /* NavigationTestUITests.swift */,
				D2B58F9A24CA35760067F697 /* Info.plist */,
			);
			path = NavigationTestUITests;
			sourceTree = "<group>";
		};
/* End PBXGroup section */

/* Begin PBXNativeTarget section */
		D2B58F7224CA35720067F697 /* NavigationTest */ = {
			isa = PBXNativeTarget;
			buildConfigurationList = D2B58F9D24CA35760067F697 /* Build configuration list for PBXNativeTarget "NavigationTest" */;
			buildPhases = (
				D2B58F6F24CA35720067F697 /* Sources */,
				D2B58F7024CA35720067F697 /* Frameworks */,
				D2B58F7124CA35720067F697 /* Resources */,
			);
			buildRules = (
			);
			dependencies = (
			);
			name = NavigationTest;
			productName = NavigationTest;
			productReference = D2B58F7324CA35720067F697 /* NavigationTest.app */;
			productType = "com.apple.product-type.application";
		};
		D2B58F8824CA35760067F697 /* NavigationTestTests */ = {
			isa = PBXNativeTarget;
			buildConfigurationList = D2B58FA024CA35760067F697 /* Build configuration list for PBXNativeTarget "NavigationTestTests" */;
			buildPhases = (
				D2B58F8524CA35760067F697 /* Sources */,
				D2B58F8624CA35760067F697 /* Frameworks */,
				D2B58F8724CA35760067F697 /* Resources */,
			);
			buildRules = (
			);
			dependencies = (
				D2B58F8B24CA35760067F697 /* PBXTargetDependency */,
			);
			name = NavigationTestTests;
			productName = NavigationTestTests;
			productReference = D2B58F8924CA35760067F697 /* NavigationTestTests.xctest */;
			productType = "com.apple.product-type.bundle.unit-test";
		};
		D2B58F9324CA35760067F697 /* NavigationTestUITests */ = {
			isa = PBXNativeTarget;
			buildConfigurationList = D2B58FA324CA35760067F697 /* Build configuration list for PBXNativeTarget "NavigationTestUITests" */;
			buildPhases = (
				D2B58F9024CA35760067F697 /* Sources */,
				D2B58F9124CA35760067F697 /* Frameworks */,
				D2B58F9224CA35760067F697 /* Resources */,
			);
			buildRules = (
			);
			dependencies = (
				D2B58F9624CA35760067F697 /* PBXTargetDependency */,
			);
			name = NavigationTestUITests;
			productName = NavigationTestUITests;
			productReference = D2B58F9424CA35760067F697 /* NavigationTestUITests.xctest */;
			productType = "com.apple.product-type.bundle.ui-testing";
		};
/* End PBXNativeTarget section */

/* Begin PBXProject section */
		D2B58F6B24CA35720067F697 /* Project object */ = {
			isa = PBXProject;
			attributes = {
				LastSwiftUpdateCheck = 1160;
				LastUpgradeCheck = 1160;
				ORGANIZATIONNAME = "Daniel Knight";
				TargetAttributes = {
					D2B58F7224CA35720067F697 = {
						CreatedOnToolsVersion = 11.6;
					};
					D2B58F8824CA35760067F697 = {
						CreatedOnToolsVersion = 11.6;
						TestTargetID = D2B58F7224CA35720067F697;
					};
					D2B58F9324CA35760067F697 = {
						CreatedOnToolsVersion = 11.6;
						TestTargetID = D2B58F7224CA35720067F697;
					};
				};
			};
			buildConfigurationList = D2B58F6E24CA35720067F697 /* Build configuration list for PBXProject "NavigationTest" */;
			compatibilityVersion = "Xcode 9.3";
			developmentRegion = en;
			hasScannedForEncodings = 0;
			knownRegions = (
				en,
				Base,
			);
			mainGroup = D2B58F6A24CA35720067F697;
			productRefGroup = D2B58F7424CA35720067F697 /* Products */;
			projectDirPath = "";
			projectRoot = "";
			targets = (
				D2B58F7224CA35720067F697 /* NavigationTest */,
				D2B58F8824CA35760067F697 /* NavigationTestTests */,
				D2B58F9324CA35760067F697 /* NavigationTestUITests */,
			);
		};
/* End PBXProject section */

/* Begin PBXResourcesBuildPhase section */
		D2B58F7124CA35720067F697 /* Resources */ = {
			isa = PBXResourcesBuildPhase;
			buildActionMask = 2147483647;
			files = (
				D2B58F8324CA35750067F697 /* LaunchScreen.storyboard in Resources */,
				D2B58F8024CA35750067F697 /* Preview Assets.xcassets in Resources */,
				D2B58F7D24CA35750067F697 /* Assets.xcassets in Resources */,
			);
			runOnlyForDeploymentPostprocessing = 0;
		};
		D2B58F8724CA35760067F697 /* Resources */ = {
			isa = PBXResourcesBuildPhase;
			buildActionMask = 2147483647;
			files = (
			);
			runOnlyForDeploymentPostprocessing = 0;
		};
		D2B58F9224CA35760067F697 /* Resources */ = {
			isa = PBXResourcesBuildPhase;
			buildActionMask = 2147483647;
			files = (
			);
			runOnlyForDeploymentPostprocessing = 0;
		};
/* End PBXResourcesBuildPhase section */

/* Begin PBXSourcesBuildPhase section */
		D2B58F6F24CA35720067F697 /* Sources */ = {
			isa = PBXSourcesBuildPhase;
			buildActionMask = 2147483647;
			files = (
				D2B58F7724CA35720067F697 /* AppDelegate.swift in Sources */,
				D2B58F7924CA35720067F697 /* SceneDelegate.swift in Sources */,
				D2B58F7B24CA35720067F697 /* ContentView.swift in Sources */,
			);
			runOnlyForDeploymentPostprocessing = 0;
		};
		D2B58F8524CA35760067F697 /* Sources */ = {
			isa = PBXSourcesBuildPhase;
			buildActionMask = 2147483647;
			files = (
				D2B58F8E24CA35760067F697 /* NavigationTestTests.swift in Sources */,
			);
			runOnlyForDeploymentPostprocessing = 0;
		};
		D2B58F9024CA35760067F697 /* Sources */ = {
			isa = PBXSourcesBuildPhase;
			buildActionMask = 2147483647;
			files = (
				D2B58F9924CA35760067F697 /* NavigationTestUITests.swift in Sources */,
			);
			runOnlyForDeploymentPostprocessing = 0;
		};
/* End PBXSourcesBuildPhase section */

/* Begin PBXTargetDependency section */
		D2B58F8B24CA35760067F697 /* PBXTargetDependency */ = {
			isa = PBXTargetDependency;
			target = D2B58F7224CA35720067F697 /* NavigationTest */;
			targetProxy = D2B58F8A24CA35760067F697 /* PBXContainerItemProxy */;
		};
		D2B58F9624CA35760067F697 /* PBXTargetDependency */ = {
			isa = PBXTargetDependency;
			target = D2B58F7224CA35720067F697 /* NavigationTest */;
			targetProxy = D2B58F9524CA35760067F697 /* PBXContainerItemProxy */;
		};
/* End PBXTargetDependency section */

/* Begin PBXVariantGroup section */
		D2B58F8124CA35750067F697 /* LaunchScreen.storyboard */ = {
			isa = PBXVariantGroup;
			children = (
				D2B58F8224CA35750067F697 /* Base */,
			);
			name = LaunchScreen.storyboard;
			sourceTree = "<group>";
		};
/* End PBXVariantGroup section */

/* Begin XCBuildConfiguration section */
		D2B58F9B24CA35760067F697 /* Debug */ = {
			isa = XCBuildConfiguration;
			buildSettings = {
				ALWAYS_SEARCH_USER_PATHS = NO;
				CLANG_ANALYZER_NONNULL = YES;
				CLANG_ANALYZER_NUMBER_OBJECT_CONVERSION = YES_AGGRESSIVE;
				CLANG_CXX_LANGUAGE_STANDARD = "gnu++14";
				CLANG_CXX_LIBRARY = "libc++";
				CLANG_ENABLE_MODULES = YES;
				CLANG_ENABLE_OBJC_ARC = YES;
				CLANG_ENABLE_OBJC_WEAK = YES;
				CLANG_WARN_BLOCK_CAPTURE_AUTORELEASING = YES;
				CLANG_WARN_BOOL_CONVERSION = YES;
				CLANG_WARN_COMMA = YES;
				CLANG_WARN_CONSTANT_CONVERSION = YES;
				CLANG_WARN_DEPRECATED_OBJC_IMPLEMENTATIONS = YES;
				CLANG_WARN_DIRECT_OBJC_ISA_USAGE = YES_ERROR;
				CLANG_WARN_DOCUMENTATION_COMMENTS = YES;
				CLANG_WARN_EMPTY_BODY = YES;
				CLANG_WARN_ENUM_CONVERSION = YES;
				CLANG_WARN_INFINITE_RECURSION = YES;
				CLANG_WARN_INT_CONVERSION = YES;
				CLANG_WARN_NON_LITERAL_NULL_CONVERSION = YES;
				CLANG_WARN_OBJC_IMPLICIT_RETAIN_SELF = YES;
				CLANG_WARN_OBJC_LITERAL_CONVERSION = YES;
				CLANG_WARN_OBJC_ROOT_CLASS = YES_ERROR;
				CLANG_WARN_RANGE_LOOP_ANALYSIS = YES;
				CLANG_WARN_STRICT_PROTOTYPES = YES;
				CLANG_WARN_SUSPICIOUS_MOVE = YES;
				CLANG_WARN_UNGUARDED_AVAILABILITY = YES_AGGRESSIVE;
				CLANG_WARN_UNREACHABLE_CODE = YES;
				CLANG_WARN__DUPLICATE_METHOD_MATCH = YES;
				COPY_PHASE_STRIP = NO;
				DEBUG_INFORMATION_FORMAT = dwarf;
				ENABLE_STRICT_OBJC_MSGSEND = YES;
				ENABLE_TESTABILITY = YES;
				GCC_C_LANGUAGE_STANDARD = gnu11;
				GCC_DYNAMIC_NO_PIC = NO;
				GCC_NO_COMMON_BLOCKS = YES;
				GCC_OPTIMIZATION_LEVEL = 0;
				GCC_PREPROCESSOR_DEFINITIONS = (
					"DEBUG=1",
					"$(inherited)",
				);
				GCC_WARN_64_TO_32_BIT_CONVERSION = YES;
				GCC_WARN_ABOUT_RETURN_TYPE = YES_ERROR;
				GCC_WARN_UNDECLARED_SELECTOR = YES;
				GCC_WARN_UNINITIALIZED_AUTOS = YES_AGGRESSIVE;
				GCC_WARN_UNUSED_FUNCTION = YES;
				GCC_WARN_UNUSED_VARIABLE = YES;
				IPHONEOS_DEPLOYMENT_TARGET = 13.6;
				MTL_ENABLE_DEBUG_INFO = INCLUDE_SOURCE;
				MTL_FAST_MATH = YES;
				ONLY_ACTIVE_ARCH = YES;
				SDKROOT = iphoneos;
				SWIFT_ACTIVE_COMPILATION_CONDITIONS = DEBUG;
				SWIFT_OPTIMIZATION_LEVEL = "-Onone";
			};
			name = Debug;
		};
		D2B58F9C24CA35760067F697 /* Release */ = {
			isa = XCBuildConfiguration;
			buildSettings = {
				ALWAYS_SEARCH_USER_PATHS = NO;
				CLANG_ANALYZER_NONNULL = YES;
				CLANG_ANALYZER_NUMBER_OBJECT_CONVERSION = YES_AGGRESSIVE;
				CLANG_CXX_LANGUAGE_STANDARD = "gnu++14";
				CLANG_CXX_LIBRARY = "libc++";
				CLANG_ENABLE_MODULES = YES;
				CLANG_ENABLE_OBJC_ARC = YES;
				CLANG_ENABLE_OBJC_WEAK = YES;
				CLANG_WARN_BLOCK_CAPTURE_AUTORELEASING = YES;
				CLANG_WARN_BOOL_CONVERSION = YES;
				CLANG_WARN_COMMA = YES;
				CLANG_WARN_CONSTANT_CONVERSION = YES;
				CLANG_WARN_DEPRECATED_OBJC_IMPLEMENTATIONS = YES;
				CLANG_WARN_DIRECT_OBJC_ISA_USAGE = YES_ERROR;
				CLANG_WARN_DOCUMENTATION_COMMENTS = YES;
				CLANG_WARN_EMPTY_BODY = YES;
				CLANG_WARN_ENUM_CONVERSION = YES;
				CLANG_WARN_INFINITE_RECURSION = YES;
				CLANG_WARN_INT_CONVERSION = YES;
				CLANG_WARN_NON_LITERAL_NULL_CONVERSION = YES;
				CLANG_WARN_OBJC_IMPLICIT_RETAIN_SELF = YES;
				CLANG_WARN_OBJC_LITERAL_CONVERSION = YES;
				CLANG_WARN_OBJC_ROOT_CLASS = YES_ERROR;
				CLANG_WARN_RANGE_LOOP_ANALYSIS = YES;
				CLANG_WARN_STRICT_PROTOTYPES = YES;
				CLANG_WARN_SUSPICIOUS_MOVE = YES;
				CLANG_WARN_UNGUARDED_AVAILABILITY = YES_AGGRESSIVE;
				CLANG_WARN_UNREACHABLE_CODE = YES;
				CLANG_WARN__DUPLICATE_METHOD_MATCH = YES;
				COPY_PHASE_STRIP = NO;
				DEBUG_INFORMATION_FORMAT = "dwarf-with-dsym";
				ENABLE_NS_ASSERTIONS = NO;
				ENABLE_STRICT_OBJC_MSGSEND = YES;
				GCC_C_LANGUAGE_STANDARD = gnu11;
				GCC_NO_COMMON_BLOCKS = YES;
				GCC_WARN_64_TO_32_BIT_CONVERSION = YES;
				GCC_WARN_ABOUT_RETURN_TYPE = YES_ERROR;
				GCC_WARN_UNDECLARED_SELECTOR = YES;
				GCC_WARN_UNINITIALIZED_AUTOS = YES_AGGRESSIVE;
				GCC_WARN_UNUSED_FUNCTION = YES;
				GCC_WARN_UNUSED_VARIABLE = YES;
				IPHONEOS_DEPLOYMENT_TARGET = 13.6;
				MTL_ENABLE_DEBUG_INFO = NO;
				MTL_FAST_MATH = YES;
				SDKROOT = iphoneos;
				SWIFT_COMPILATION_MODE = wholemodule;
				SWIFT_OPTIMIZATION_LEVEL = "-O";
				VALIDATE_PRODUCT = YES;
			};
			name = Release;
		};
		D2B58F9E24CA35760067F697 /* Debug */ = {
			isa = XCBuildConfiguration;
			buildSettings = {
				ASSETCATALOG_COMPILER_APPICON_NAME = AppIcon;
				CODE_SIGN_STYLE = Automatic;
				DEVELOPMENT_ASSET_PATHS = "\"NavigationTest/Preview Content\"";
				DEVELOPMENT_TEAM = L63Z45LWUT;
				ENABLE_PREVIEWS = YES;
				INFOPLIST_FILE = NavigationTest/Info.plist;
				LD_RUNPATH_SEARCH_PATHS = (
					"$(inherited)",
					"@executable_path/Frameworks",
				);
				PRODUCT_BUNDLE_IDENTIFIER = danielknight.NavigationTest;
				PRODUCT_NAME = "$(TARGET_NAME)";
				SWIFT_VERSION = 5.0;
				TARGETED_DEVICE_FAMILY = "1,2";
			};
			name = Debug;
		};
		D2B58F9F24CA35760067F697 /* Release */ = {
			isa = XCBuildConfiguration;
			buildSettings = {
				ASSETCATALOG_COMPILER_APPICON_NAME = AppIcon;
				CODE_SIGN_STYLE = Automatic;
				DEVELOPMENT_ASSET_PATHS = "\"NavigationTest/Preview Content\"";
				DEVELOPMENT_TEAM = L63Z45LWUT;
				ENABLE_PREVIEWS = YES;
				INFOPLIST_FILE = NavigationTest/Info.plist;
				LD_RUNPATH_SEARCH_PATHS = (
					"$(inherited)",
					"@executable_path/Frameworks",
				);
				PRODUCT_BUNDLE_IDENTIFIER = danielknight.NavigationTest;
				PRODUCT_NAME = "$(TARGET_NAME)";
				SWIFT_VERSION = 5.0;
				TARGETED_DEVICE_FAMILY = "1,2";
			};
			name = Release;
		};
		D2B58FA124CA35760067F697 /* Debug */ = {
			isa = XCBuildConfiguration;
			buildSettings = {
				ALWAYS_EMBED_SWIFT_STANDARD_LIBRARIES = YES;
				BUNDLE_LOADER = "$(TEST_HOST)";
				CODE_SIGN_STYLE = Automatic;
				DEVELOPMENT_TEAM = L63Z45LWUT;
				INFOPLIST_FILE = NavigationTestTests/Info.plist;
				IPHONEOS_DEPLOYMENT_TARGET = 13.6;
				LD_RUNPATH_SEARCH_PATHS = (
					"$(inherited)",
					"@executable_path/Frameworks",
					"@loader_path/Frameworks",
				);
				PRODUCT_BUNDLE_IDENTIFIER = danielknight.NavigationTestTests;
				PRODUCT_NAME = "$(TARGET_NAME)";
				SWIFT_VERSION = 5.0;
				TARGETED_DEVICE_FAMILY = "1,2";
				TEST_HOST = "$(BUILT_PRODUCTS_DIR)/NavigationTest.app/NavigationTest";
			};
			name = Debug;
		};
		D2B58FA224CA35760067F697 /* Release */ = {
			isa = XCBuildConfiguration;
			buildSettings = {
				ALWAYS_EMBED_SWIFT_STANDARD_LIBRARIES = YES;
				BUNDLE_LOADER = "$(TEST_HOST)";
				CODE_SIGN_STYLE = Automatic;
				DEVELOPMENT_TEAM = L63Z45LWUT;
				INFOPLIST_FILE = NavigationTestTests/Info.plist;
				IPHONEOS_DEPLOYMENT_TARGET = 13.6;
				LD_RUNPATH_SEARCH_PATHS = (
					"$(inherited)",
					"@executable_path/Frameworks",
					"@loader_path/Frameworks",
				);
				PRODUCT_BUNDLE_IDENTIFIER = danielknight.NavigationTestTests;
				PRODUCT_NAME = "$(TARGET_NAME)";
				SWIFT_VERSION = 5.0;
				TARGETED_DEVICE_FAMILY = "1,2";
				TEST_HOST = "$(BUILT_PRODUCTS_DIR)/NavigationTest.app/NavigationTest";
			};
			name = Release;
		};
		D2B58FA424CA35760067F697 /* Debug */ = {
			isa = XCBuildConfiguration;
			buildSettings = {
				ALWAYS_EMBED_SWIFT_STANDARD_LIBRARIES = YES;
				CODE_SIGN_STYLE = Automatic;
				DEVELOPMENT_TEAM = L63Z45LWUT;
				INFOPLIST_FILE = NavigationTestUITests/Info.plist;
				LD_RUNPATH_SEARCH_PATHS = (
					"$(inherited)",
					"@executable_path/Frameworks",
					"@loader_path/Frameworks",
				);
				PRODUCT_BUNDLE_IDENTIFIER = danielknight.NavigationTestUITests;
				PRODUCT_NAME = "$(TARGET_NAME)";
				SWIFT_VERSION = 5.0;
				TARGETED_DEVICE_FAMILY = "1,2";
				TEST_TARGET_NAME = NavigationTest;
			};
			name = Debug;
		};
		D2B58FA524CA35760067F697 /* Release */ = {
			isa = XCBuildConfiguration;
			buildSettings = {
				ALWAYS_EMBED_SWIFT_STANDARD_LIBRARIES = YES;
				CODE_SIGN_STYLE = Automatic;
				DEVELOPMENT_TEAM = L63Z45LWUT;
				INFOPLIST_FILE = NavigationTestUITests/Info.plist;
				LD_RUNPATH_SEARCH_PATHS = (
					"$(inherited)",
					"@executable_path/Frameworks",
					"@loader_path/Frameworks",
				);
				PRODUCT_BUNDLE_IDENTIFIER = danielknight.NavigationTestUITests;
				PRODUCT_NAME = "$(TARGET_NAME)";
				SWIFT_VERSION = 5.0;
				TARGETED_DEVICE_FAMILY = "1,2";
				TEST_TARGET_NAME = NavigationTest;
			};
			name = Release;
		};
/* End XCBuildConfiguration section */

/* Begin XCConfigurationList section */
		D2B58F6E24CA35720067F697 /* Build configuration list for PBXProject "NavigationTest" */ = {
			isa = XCConfigurationList;
			buildConfigurations = (
				D2B58F9B24CA35760067F697 /* Debug */,
				D2B58F9C24CA35760067F697 /* Release */,
			);
			defaultConfigurationIsVisible = 0;
			defaultConfigurationName = Release;
		};
		D2B58F9D24CA35760067F697 /* Build configuration list for PBXNativeTarget "NavigationTest" */ = {
			isa = XCConfigurationList;
			buildConfigurations = (
				D2B58F9E24CA35760067F697 /* Debug */,
				D2B58F9F24CA35760067F697 /* Release */,
			);
			defaultConfigurationIsVisible = 0;
			defaultConfigurationName = Release;
		};
		D2B58FA024CA35760067F697 /* Build configuration list for PBXNativeTarget "NavigationTestTests" */ = {
			isa = XCConfigurationList;
			buildConfigurations = (
				D2B58FA124CA35760067F697 /* Debug */,
				D2B58FA224CA35760067F697 /* Release */,
			);
			defaultConfigurationIsVisible = 0;
			defaultConfigurationName = Release;
		};
		D2B58FA324CA35760067F697 /* Build configuration list for PBXNativeTarget "NavigationTestUITests" */ = {
			isa = XCConfigurationList;
			buildConfigurations = (
				D2B58FA424CA35760067F697 /* Debug */,
				D2B58FA524CA35760067F697 /* Release */,
			);
			defaultConfigurationIsVisible = 0;
			defaultConfigurationName = Release;
		};
/* End XCConfigurationList section */
	};
	rootObject = D2B58F6B24CA35720067F697 /* Project object */;
}
